// !$*UTF8*$!
{
	archiveVersion = 1;
	classes = {
	};
	objectVersion = 46;
	objects = {

/* Begin PBXBuildFile section */
		012B03D73478D7F97727A2B0 /* Pods_DropDemo.framework in Frameworks */ = {isa = PBXBuildFile; fileRef = 5B24CBF96972C063DAFFB26C /* Pods_DropDemo.framework */; };
		6B0119451ED2DD8100D26D90 /* AppDelegate.swift in Sources */ = {isa = PBXBuildFile; fileRef = 6B0119441ED2DD8100D26D90 /* AppDelegate.swift */; };
		6B0119471ED2DD8100D26D90 /* ViewController.swift in Sources */ = {isa = PBXBuildFile; fileRef = 6B0119461ED2DD8100D26D90 /* ViewController.swift */; };
		6B01194A1ED2DD8100D26D90 /* Main.storyboard in Resources */ = {isa = PBXBuildFile; fileRef = 6B0119481ED2DD8100D26D90 /* Main.storyboard */; };
		6B01194C1ED2DD8100D26D90 /* Assets.xcassets in Resources */ = {isa = PBXBuildFile; fileRef = 6B01194B1ED2DD8100D26D90 /* Assets.xcassets */; };
		6B01194F1ED2DD8100D26D90 /* LaunchScreen.storyboard in Resources */ = {isa = PBXBuildFile; fileRef = 6B01194D1ED2DD8100D26D90 /* LaunchScreen.storyboard */; };
		6B01195A1ED2DD8100D26D90 /* DropDemoTests.swift in Sources */ = {isa = PBXBuildFile; fileRef = 6B0119591ED2DD8100D26D90 /* DropDemoTests.swift */; };
		6B0119651ED2DD8100D26D90 /* DropDemoUITests.swift in Sources */ = {isa = PBXBuildFile; fileRef = 6B0119641ED2DD8100D26D90 /* DropDemoUITests.swift */; };
		6B0119771ED2EACF00D26D90 /* PageAViewController.swift in Sources */ = {isa = PBXBuildFile; fileRef = 6B0119751ED2EACF00D26D90 /* PageAViewController.swift */; };
		6B0119781ED2EACF00D26D90 /* PageAViewController.xib in Resources */ = {isa = PBXBuildFile; fileRef = 6B0119761ED2EACF00D26D90 /* PageAViewController.xib */; };
		6B01197B1ED2EAE100D26D90 /* PageBViewController.swift in Sources */ = {isa = PBXBuildFile; fileRef = 6B0119791ED2EAE100D26D90 /* PageBViewController.swift */; };
		6B01197C1ED2EAE100D26D90 /* PageBViewController.xib in Resources */ = {isa = PBXBuildFile; fileRef = 6B01197A1ED2EAE100D26D90 /* PageBViewController.xib */; };
		6B1D7FA21ED321470030935A /* CollectionViewCell.swift in Sources */ = {isa = PBXBuildFile; fileRef = 6B1D7F9B1ED321470030935A /* CollectionViewCell.swift */; };
		6B1D7FA31ED321470030935A /* CollectionViewCell.xib in Resources */ = {isa = PBXBuildFile; fileRef = 6B1D7F9C1ED321470030935A /* CollectionViewCell.xib */; };
		6B1D7FA41ED321470030935A /* FeatureCell.swift in Sources */ = {isa = PBXBuildFile; fileRef = 6B1D7F9D1ED321470030935A /* FeatureCell.swift */; };
		6B1D7FA51ED321470030935A /* FeatureCell.xib in Resources */ = {isa = PBXBuildFile; fileRef = 6B1D7F9E1ED321470030935A /* FeatureCell.xib */; };
		6B1D7FA61ED321470030935A /* FeatureVC.swift in Sources */ = {isa = PBXBuildFile; fileRef = 6B1D7F9F1ED321470030935A /* FeatureVC.swift */; };
		6B1D7FA71ED321470030935A /* Helpers.swift in Sources */ = {isa = PBXBuildFile; fileRef = 6B1D7FA01ED321470030935A /* Helpers.swift */; };
		6B1D7FAD1ED321F60030935A /* MultiCollectionVC.swift in Sources */ = {isa = PBXBuildFile; fileRef = 6B1D7FAB1ED321F60030935A /* MultiCollectionVC.swift */; };
		6B1D7FAE1ED321F60030935A /* MultiCollectionVC.xib in Resources */ = {isa = PBXBuildFile; fileRef = 6B1D7FAC1ED321F60030935A /* MultiCollectionVC.xib */; };
		6B284E191EDD3642005FFC61 /* Layout.swift in Sources */ = {isa = PBXBuildFile; fileRef = 6B284E181EDD3642005FFC61 /* Layout.swift */; };
		6B30079D1EDA625500376A8B /* ListViewController.xib in Resources */ = {isa = PBXBuildFile; fileRef = 6B30079C1EDA625500376A8B /* ListViewController.xib */; };
		6B343B0C1ED983C40099504A /* ListViewController.swift in Sources */ = {isa = PBXBuildFile; fileRef = 6B343B0A1ED983C40099504A /* ListViewController.swift */; };
		6B48EAF81EDE4AAF00D7A66A /* InsetLabel.swift in Sources */ = {isa = PBXBuildFile; fileRef = 6B48EAF71EDE4AAF00D7A66A /* InsetLabel.swift */; };
		6B48EAFA1EDE79BB00D7A66A /* String+Extension.swift in Sources */ = {isa = PBXBuildFile; fileRef = 6B48EAF91EDE79BB00D7A66A /* String+Extension.swift */; };
		6B4C28251EDC671F00DE6ACB /* FooterLoadingReusableView.swift in Sources */ = {isa = PBXBuildFile; fileRef = 6B4C28231EDC671F00DE6ACB /* FooterLoadingReusableView.swift */; };
		6B4C28261EDC671F00DE6ACB /* FooterLoadingReusableView.xib in Resources */ = {isa = PBXBuildFile; fileRef = 6B4C28241EDC671F00DE6ACB /* FooterLoadingReusableView.xib */; };
		6B5507641EDBC56300672ABE /* FooterLoadingView.swift in Sources */ = {isa = PBXBuildFile; fileRef = 6B5507631EDBC56300672ABE /* FooterLoadingView.swift */; };
		6B5507661EDBC57A00672ABE /* FooterLoadingView.xib in Resources */ = {isa = PBXBuildFile; fileRef = 6B5507651EDBC57A00672ABE /* FooterLoadingView.xib */; };
		6B5507681EDBC79300672ABE /* UIView+Extension.swift in Sources */ = {isa = PBXBuildFile; fileRef = 6B5507671EDBC79300672ABE /* UIView+Extension.swift */; };
		6B55076B1EDC1AEC00672ABE /* DropListViewController.swift in Sources */ = {isa = PBXBuildFile; fileRef = 6B5507691EDC1AEC00672ABE /* DropListViewController.swift */; };
		6B55076C1EDC1AEC00672ABE /* DropListViewController.xib in Resources */ = {isa = PBXBuildFile; fileRef = 6B55076A1EDC1AEC00672ABE /* DropListViewController.xib */; };
		6B55076F1EDC204500672ABE /* HBDropProductCell.swift in Sources */ = {isa = PBXBuildFile; fileRef = 6B55076D1EDC204500672ABE /* HBDropProductCell.swift */; };
		6B5507701EDC204500672ABE /* HBDropProductCell.xib in Resources */ = {isa = PBXBuildFile; fileRef = 6B55076E1EDC204500672ABE /* HBDropProductCell.xib */; };
		6B6488911EDCFBA800EBBF70 /* UICollectionViewCell+Extension.swift in Sources */ = {isa = PBXBuildFile; fileRef = 6B6488901EDCFBA800EBBF70 /* UICollectionViewCell+Extension.swift */; };
		6B7DD1F71ED9CB5C00711DC2 /* ListViewController.storyboard in Resources */ = {isa = PBXBuildFile; fileRef = 6B7DD1F61ED9CB5C00711DC2 /* ListViewController.storyboard */; };
		6BD452141ED5784900229AC5 /* HBDropItem.swift in Sources */ = {isa = PBXBuildFile; fileRef = 6BD452131ED5784900229AC5 /* HBDropItem.swift */; };
		6BD452161ED5811E00229AC5 /* HBDataFetcherManager.swift in Sources */ = {isa = PBXBuildFile; fileRef = 6BD452151ED5811E00229AC5 /* HBDataFetcherManager.swift */; };
		6BD452191ED58F3C00229AC5 /* testdata.json in Resources */ = {isa = PBXBuildFile; fileRef = 6BD452181ED58F3C00229AC5 /* testdata.json */; };
/* End PBXBuildFile section */

/* Begin PBXContainerItemProxy section */
		6B0119561ED2DD8100D26D90 /* PBXContainerItemProxy */ = {
			isa = PBXContainerItemProxy;
			containerPortal = 6B0119391ED2DD8100D26D90 /* Project object */;
			proxyType = 1;
			remoteGlobalIDString = 6B0119401ED2DD8100D26D90;
			remoteInfo = DropDemo;
		};
		6B0119611ED2DD8100D26D90 /* PBXContainerItemProxy */ = {
			isa = PBXContainerItemProxy;
			containerPortal = 6B0119391ED2DD8100D26D90 /* Project object */;
			proxyType = 1;
			remoteGlobalIDString = 6B0119401ED2DD8100D26D90;
			remoteInfo = DropDemo;
		};
/* End PBXContainerItemProxy section */

/* Begin PBXFileReference section */
		1E31909AB278CC5BCBCB4979 /* Pods-DropDemo.debug.xcconfig */ = {isa = PBXFileReference; includeInIndex = 1; lastKnownFileType = text.xcconfig; name = "Pods-DropDemo.debug.xcconfig"; path = "Pods/Target Support Files/Pods-DropDemo/Pods-DropDemo.debug.xcconfig"; sourceTree = "<group>"; };
		5B24CBF96972C063DAFFB26C /* Pods_DropDemo.framework */ = {isa = PBXFileReference; explicitFileType = wrapper.framework; includeInIndex = 0; path = Pods_DropDemo.framework; sourceTree = BUILT_PRODUCTS_DIR; };
		6B0119411ED2DD8100D26D90 /* DropDemo.app */ = {isa = PBXFileReference; explicitFileType = wrapper.application; includeInIndex = 0; path = DropDemo.app; sourceTree = BUILT_PRODUCTS_DIR; };
		6B0119441ED2DD8100D26D90 /* AppDelegate.swift */ = {isa = PBXFileReference; lastKnownFileType = sourcecode.swift; path = AppDelegate.swift; sourceTree = "<group>"; };
		6B0119461ED2DD8100D26D90 /* ViewController.swift */ = {isa = PBXFileReference; lastKnownFileType = sourcecode.swift; path = ViewController.swift; sourceTree = "<group>"; };
		6B0119491ED2DD8100D26D90 /* Base */ = {isa = PBXFileReference; lastKnownFileType = file.storyboard; name = Base; path = Base.lproj/Main.storyboard; sourceTree = "<group>"; };
		6B01194B1ED2DD8100D26D90 /* Assets.xcassets */ = {isa = PBXFileReference; lastKnownFileType = folder.assetcatalog; path = Assets.xcassets; sourceTree = "<group>"; };
		6B01194E1ED2DD8100D26D90 /* Base */ = {isa = PBXFileReference; lastKnownFileType = file.storyboard; name = Base; path = Base.lproj/LaunchScreen.storyboard; sourceTree = "<group>"; };
		6B0119501ED2DD8100D26D90 /* Info.plist */ = {isa = PBXFileReference; lastKnownFileType = text.plist.xml; path = Info.plist; sourceTree = "<group>"; };
		6B0119551ED2DD8100D26D90 /* DropDemoTests.xctest */ = {isa = PBXFileReference; explicitFileType = wrapper.cfbundle; includeInIndex = 0; path = DropDemoTests.xctest; sourceTree = BUILT_PRODUCTS_DIR; };
		6B0119591ED2DD8100D26D90 /* DropDemoTests.swift */ = {isa = PBXFileReference; lastKnownFileType = sourcecode.swift; path = DropDemoTests.swift; sourceTree = "<group>"; };
		6B01195B1ED2DD8100D26D90 /* Info.plist */ = {isa = PBXFileReference; lastKnownFileType = text.plist.xml; path = Info.plist; sourceTree = "<group>"; };
		6B0119601ED2DD8100D26D90 /* DropDemoUITests.xctest */ = {isa = PBXFileReference; explicitFileType = wrapper.cfbundle; includeInIndex = 0; path = DropDemoUITests.xctest; sourceTree = BUILT_PRODUCTS_DIR; };
		6B0119641ED2DD8100D26D90 /* DropDemoUITests.swift */ = {isa = PBXFileReference; lastKnownFileType = sourcecode.swift; path = DropDemoUITests.swift; sourceTree = "<group>"; };
		6B0119661ED2DD8100D26D90 /* Info.plist */ = {isa = PBXFileReference; lastKnownFileType = text.plist.xml; path = Info.plist; sourceTree = "<group>"; };
		6B0119751ED2EACF00D26D90 /* PageAViewController.swift */ = {isa = PBXFileReference; fileEncoding = 4; lastKnownFileType = sourcecode.swift; path = PageAViewController.swift; sourceTree = "<group>"; };
		6B0119761ED2EACF00D26D90 /* PageAViewController.xib */ = {isa = PBXFileReference; fileEncoding = 4; lastKnownFileType = file.xib; path = PageAViewController.xib; sourceTree = "<group>"; };
		6B0119791ED2EAE100D26D90 /* PageBViewController.swift */ = {isa = PBXFileReference; fileEncoding = 4; lastKnownFileType = sourcecode.swift; path = PageBViewController.swift; sourceTree = "<group>"; };
		6B01197A1ED2EAE100D26D90 /* PageBViewController.xib */ = {isa = PBXFileReference; fileEncoding = 4; lastKnownFileType = file.xib; path = PageBViewController.xib; sourceTree = "<group>"; };
		6B1D7F9B1ED321470030935A /* CollectionViewCell.swift */ = {isa = PBXFileReference; fileEncoding = 4; lastKnownFileType = sourcecode.swift; name = CollectionViewCell.swift; path = Collection/CollectionViewCell.swift; sourceTree = "<group>"; };
		6B1D7F9C1ED321470030935A /* CollectionViewCell.xib */ = {isa = PBXFileReference; fileEncoding = 4; lastKnownFileType = file.xib; name = CollectionViewCell.xib; path = Collection/CollectionViewCell.xib; sourceTree = "<group>"; };
		6B1D7F9D1ED321470030935A /* FeatureCell.swift */ = {isa = PBXFileReference; fileEncoding = 4; lastKnownFileType = sourcecode.swift; name = FeatureCell.swift; path = Collection/FeatureCell.swift; sourceTree = "<group>"; };
		6B1D7F9E1ED321470030935A /* FeatureCell.xib */ = {isa = PBXFileReference; fileEncoding = 4; lastKnownFileType = file.xib; name = FeatureCell.xib; path = Collection/FeatureCell.xib; sourceTree = "<group>"; };
		6B1D7F9F1ED321470030935A /* FeatureVC.swift */ = {isa = PBXFileReference; fileEncoding = 4; lastKnownFileType = sourcecode.swift; name = FeatureVC.swift; path = Collection/FeatureVC.swift; sourceTree = "<group>"; };
		6B1D7FA01ED321470030935A /* Helpers.swift */ = {isa = PBXFileReference; fileEncoding = 4; lastKnownFileType = sourcecode.swift; name = Helpers.swift; path = Collection/Helpers.swift; sourceTree = "<group>"; };
		6B1D7FAB1ED321F60030935A /* MultiCollectionVC.swift */ = {isa = PBXFileReference; fileEncoding = 4; lastKnownFileType = sourcecode.swift; name = MultiCollectionVC.swift; path = Collection/MultiCollectionVC.swift; sourceTree = "<group>"; };
		6B1D7FAC1ED321F60030935A /* MultiCollectionVC.xib */ = {isa = PBXFileReference; fileEncoding = 4; lastKnownFileType = file.xib; name = MultiCollectionVC.xib; path = Collection/MultiCollectionVC.xib; sourceTree = "<group>"; };
		6B284E181EDD3642005FFC61 /* Layout.swift */ = {isa = PBXFileReference; fileEncoding = 4; lastKnownFileType = sourcecode.swift; path = Layout.swift; sourceTree = "<group>"; };
		6B30079C1EDA625500376A8B /* ListViewController.xib */ = {isa = PBXFileReference; fileEncoding = 4; lastKnownFileType = file.xib; path = ListViewController.xib; sourceTree = "<group>"; };
		6B343B0A1ED983C40099504A /* ListViewController.swift */ = {isa = PBXFileReference; fileEncoding = 4; lastKnownFileType = sourcecode.swift; path = ListViewController.swift; sourceTree = "<group>"; };
		6B48EAF71EDE4AAF00D7A66A /* InsetLabel.swift */ = {isa = PBXFileReference; fileEncoding = 4; lastKnownFileType = sourcecode.swift; path = InsetLabel.swift; sourceTree = "<group>"; };
		6B48EAF91EDE79BB00D7A66A /* String+Extension.swift */ = {isa = PBXFileReference; fileEncoding = 4; lastKnownFileType = sourcecode.swift; path = "String+Extension.swift"; sourceTree = "<group>"; };
		6B4C28231EDC671F00DE6ACB /* FooterLoadingReusableView.swift */ = {isa = PBXFileReference; fileEncoding = 4; lastKnownFileType = sourcecode.swift; path = FooterLoadingReusableView.swift; sourceTree = "<group>"; };
		6B4C28241EDC671F00DE6ACB /* FooterLoadingReusableView.xib */ = {isa = PBXFileReference; fileEncoding = 4; lastKnownFileType = file.xib; path = FooterLoadingReusableView.xib; sourceTree = "<group>"; };
		6B5507631EDBC56300672ABE /* FooterLoadingView.swift */ = {isa = PBXFileReference; fileEncoding = 4; lastKnownFileType = sourcecode.swift; path = FooterLoadingView.swift; sourceTree = "<group>"; };
		6B5507651EDBC57A00672ABE /* FooterLoadingView.xib */ = {isa = PBXFileReference; fileEncoding = 4; lastKnownFileType = file.xib; path = FooterLoadingView.xib; sourceTree = "<group>"; };
		6B5507671EDBC79300672ABE /* UIView+Extension.swift */ = {isa = PBXFileReference; fileEncoding = 4; lastKnownFileType = sourcecode.swift; path = "UIView+Extension.swift"; sourceTree = "<group>"; };
		6B5507691EDC1AEC00672ABE /* DropListViewController.swift */ = {isa = PBXFileReference; fileEncoding = 4; lastKnownFileType = sourcecode.swift; path = DropListViewController.swift; sourceTree = "<group>"; };
		6B55076A1EDC1AEC00672ABE /* DropListViewController.xib */ = {isa = PBXFileReference; fileEncoding = 4; lastKnownFileType = file.xib; path = DropListViewController.xib; sourceTree = "<group>"; };
		6B55076D1EDC204500672ABE /* HBDropProductCell.swift */ = {isa = PBXFileReference; fileEncoding = 4; lastKnownFileType = sourcecode.swift; path = HBDropProductCell.swift; sourceTree = "<group>"; };
		6B55076E1EDC204500672ABE /* HBDropProductCell.xib */ = {isa = PBXFileReference; fileEncoding = 4; lastKnownFileType = file.xib; path = HBDropProductCell.xib; sourceTree = "<group>"; };
		6B6488901EDCFBA800EBBF70 /* UICollectionViewCell+Extension.swift */ = {isa = PBXFileReference; fileEncoding = 4; lastKnownFileType = sourcecode.swift; path = "UICollectionViewCell+Extension.swift"; sourceTree = "<group>"; };
		6B7DD1F61ED9CB5C00711DC2 /* ListViewController.storyboard */ = {isa = PBXFileReference; fileEncoding = 4; lastKnownFileType = file.storyboard; path = ListViewController.storyboard; sourceTree = "<group>"; };
		6BD452131ED5784900229AC5 /* HBDropItem.swift */ = {isa = PBXFileReference; fileEncoding = 4; lastKnownFileType = sourcecode.swift; path = HBDropItem.swift; sourceTree = "<group>"; };
		6BD452151ED5811E00229AC5 /* HBDataFetcherManager.swift */ = {isa = PBXFileReference; fileEncoding = 4; lastKnownFileType = sourcecode.swift; path = HBDataFetcherManager.swift; sourceTree = "<group>"; };
		6BD452181ED58F3C00229AC5 /* testdata.json */ = {isa = PBXFileReference; fileEncoding = 4; lastKnownFileType = text.json; path = testdata.json; sourceTree = "<group>"; };
		F435E6382A2ECA8D9DD5419F /* Pods-DropDemo.release.xcconfig */ = {isa = PBXFileReference; includeInIndex = 1; lastKnownFileType = text.xcconfig; name = "Pods-DropDemo.release.xcconfig"; path = "Pods/Target Support Files/Pods-DropDemo/Pods-DropDemo.release.xcconfig"; sourceTree = "<group>"; };
/* End PBXFileReference section */

/* Begin PBXFrameworksBuildPhase section */
		6B01193E1ED2DD8100D26D90 /* Frameworks */ = {
			isa = PBXFrameworksBuildPhase;
			buildActionMask = 2147483647;
			files = (
				012B03D73478D7F97727A2B0 /* Pods_DropDemo.framework in Frameworks */,
			);
			runOnlyForDeploymentPostprocessing = 0;
		};
		6B0119521ED2DD8100D26D90 /* Frameworks */ = {
			isa = PBXFrameworksBuildPhase;
			buildActionMask = 2147483647;
			files = (
			);
			runOnlyForDeploymentPostprocessing = 0;
		};
		6B01195D1ED2DD8100D26D90 /* Frameworks */ = {
			isa = PBXFrameworksBuildPhase;
			buildActionMask = 2147483647;
			files = (
			);
			runOnlyForDeploymentPostprocessing = 0;
		};
/* End PBXFrameworksBuildPhase section */

/* Begin PBXGroup section */
		25017EF63520D8F8A703A76F /* Frameworks */ = {
			isa = PBXGroup;
			children = (
				5B24CBF96972C063DAFFB26C /* Pods_DropDemo.framework */,
			);
			name = Frameworks;
			sourceTree = "<group>";
		};
		3ADA69DA650CECDB5FC43772 /* Pods */ = {
			isa = PBXGroup;
			children = (
				1E31909AB278CC5BCBCB4979 /* Pods-DropDemo.debug.xcconfig */,
				F435E6382A2ECA8D9DD5419F /* Pods-DropDemo.release.xcconfig */,
			);
			name = Pods;
			sourceTree = "<group>";
		};
		6B0119381ED2DD8100D26D90 = {
			isa = PBXGroup;
			children = (
				6B0119431ED2DD8100D26D90 /* DropDemo */,
				6B0119581ED2DD8100D26D90 /* DropDemoTests */,
				6B0119631ED2DD8100D26D90 /* DropDemoUITests */,
				6B0119421ED2DD8100D26D90 /* Products */,
				3ADA69DA650CECDB5FC43772 /* Pods */,
				25017EF63520D8F8A703A76F /* Frameworks */,
			);
			sourceTree = "<group>";
		};
		6B0119421ED2DD8100D26D90 /* Products */ = {
			isa = PBXGroup;
			children = (
				6B0119411ED2DD8100D26D90 /* DropDemo.app */,
				6B0119551ED2DD8100D26D90 /* DropDemoTests.xctest */,
				6B0119601ED2DD8100D26D90 /* DropDemoUITests.xctest */,
			);
			name = Products;
			sourceTree = "<group>";
		};
		6B0119431ED2DD8100D26D90 /* DropDemo */ = {
			isa = PBXGroup;
			children = (
				6B284E171EDD3613005FFC61 /* Common */,
				6BD452171ED5812200229AC5 /* HBDrop */,
				6B1D7F9A1ED321320030935A /* Collection */,
				6B30079E1EDA62F100376A8B /* ListView */,
				6B0119441ED2DD8100D26D90 /* AppDelegate.swift */,
				6B0119461ED2DD8100D26D90 /* ViewController.swift */,
				6B0119481ED2DD8100D26D90 /* Main.storyboard */,
				6B0119751ED2EACF00D26D90 /* PageAViewController.swift */,
				6B0119761ED2EACF00D26D90 /* PageAViewController.xib */,
				6B0119791ED2EAE100D26D90 /* PageBViewController.swift */,
				6B01197A1ED2EAE100D26D90 /* PageBViewController.xib */,
				6B01194B1ED2DD8100D26D90 /* Assets.xcassets */,
				6B01194D1ED2DD8100D26D90 /* LaunchScreen.storyboard */,
				6B0119501ED2DD8100D26D90 /* Info.plist */,
			);
			path = DropDemo;
			sourceTree = "<group>";
		};
		6B0119581ED2DD8100D26D90 /* DropDemoTests */ = {
			isa = PBXGroup;
			children = (
				6B0119591ED2DD8100D26D90 /* DropDemoTests.swift */,
				6B01195B1ED2DD8100D26D90 /* Info.plist */,
			);
			path = DropDemoTests;
			sourceTree = "<group>";
		};
		6B0119631ED2DD8100D26D90 /* DropDemoUITests */ = {
			isa = PBXGroup;
			children = (
				6B0119641ED2DD8100D26D90 /* DropDemoUITests.swift */,
				6B0119661ED2DD8100D26D90 /* Info.plist */,
			);
			path = DropDemoUITests;
			sourceTree = "<group>";
		};
		6B1D7F9A1ED321320030935A /* Collection */ = {
			isa = PBXGroup;
			children = (
				6B1D7F9B1ED321470030935A /* CollectionViewCell.swift */,
				6B1D7F9C1ED321470030935A /* CollectionViewCell.xib */,
				6B1D7F9D1ED321470030935A /* FeatureCell.swift */,
				6B1D7F9E1ED321470030935A /* FeatureCell.xib */,
				6B1D7F9F1ED321470030935A /* FeatureVC.swift */,
				6B1D7FA01ED321470030935A /* Helpers.swift */,
				6B1D7FAB1ED321F60030935A /* MultiCollectionVC.swift */,
				6B1D7FAC1ED321F60030935A /* MultiCollectionVC.xib */,
			);
			name = Collection;
			sourceTree = "<group>";
		};
		6B284E171EDD3613005FFC61 /* Common */ = {
			isa = PBXGroup;
			children = (
				6B48EAF91EDE79BB00D7A66A /* String+Extension.swift */,
				6B6488901EDCFBA800EBBF70 /* UICollectionViewCell+Extension.swift */,
				6B5507671EDBC79300672ABE /* UIView+Extension.swift */,
				6B284E181EDD3642005FFC61 /* Layout.swift */,
				6B48EAF71EDE4AAF00D7A66A /* InsetLabel.swift */,
			);
			name = Common;
			sourceTree = "<group>";
		};
		6B30079E1EDA62F100376A8B /* ListView */ = {
			isa = PBXGroup;
			children = (
				6B343B0A1ED983C40099504A /* ListViewController.swift */,
				6B30079C1EDA625500376A8B /* ListViewController.xib */,
				6B7DD1F61ED9CB5C00711DC2 /* ListViewController.storyboard */,
				6B5507631EDBC56300672ABE /* FooterLoadingView.swift */,
				6B5507651EDBC57A00672ABE /* FooterLoadingView.xib */,
			);
			name = ListView;
			sourceTree = "<group>";
		};
		6BD452171ED5812200229AC5 /* HBDrop */ = {
			isa = PBXGroup;
			children = (
				6BD452181ED58F3C00229AC5 /* testdata.json */,
				6BD452131ED5784900229AC5 /* HBDropItem.swift */,
				6BD452151ED5811E00229AC5 /* HBDataFetcherManager.swift */,
				6B5507691EDC1AEC00672ABE /* DropListViewController.swift */,
				6B55076A1EDC1AEC00672ABE /* DropListViewController.xib */,
				6B55076D1EDC204500672ABE /* HBDropProductCell.swift */,
				6B55076E1EDC204500672ABE /* HBDropProductCell.xib */,
				6B4C28231EDC671F00DE6ACB /* FooterLoadingReusableView.swift */,
				6B4C28241EDC671F00DE6ACB /* FooterLoadingReusableView.xib */,
			);
			name = HBDrop;
			sourceTree = "<group>";
		};
/* End PBXGroup section */

/* Begin PBXNativeTarget section */
		6B0119401ED2DD8100D26D90 /* DropDemo */ = {
			isa = PBXNativeTarget;
			buildConfigurationList = 6B0119691ED2DD8100D26D90 /* Build configuration list for PBXNativeTarget "DropDemo" */;
			buildPhases = (
				8626FF3415D71EC0BABE3C1A /* [CP] Check Pods Manifest.lock */,
				6B01193D1ED2DD8100D26D90 /* Sources */,
				6B01193E1ED2DD8100D26D90 /* Frameworks */,
				6B01193F1ED2DD8100D26D90 /* Resources */,
				B8CEAFA1D76D0FF0756270D0 /* [CP] Embed Pods Frameworks */,
				1B4DAFA2CA61BDB88CD8B852 /* [CP] Copy Pods Resources */,
			);
			buildRules = (
			);
			dependencies = (
			);
			name = DropDemo;
			productName = DropDemo;
			productReference = 6B0119411ED2DD8100D26D90 /* DropDemo.app */;
			productType = "com.apple.product-type.application";
		};
		6B0119541ED2DD8100D26D90 /* DropDemoTests */ = {
			isa = PBXNativeTarget;
			buildConfigurationList = 6B01196C1ED2DD8100D26D90 /* Build configuration list for PBXNativeTarget "DropDemoTests" */;
			buildPhases = (
				6B0119511ED2DD8100D26D90 /* Sources */,
				6B0119521ED2DD8100D26D90 /* Frameworks */,
				6B0119531ED2DD8100D26D90 /* Resources */,
			);
			buildRules = (
			);
			dependencies = (
				6B0119571ED2DD8100D26D90 /* PBXTargetDependency */,
			);
			name = DropDemoTests;
			productName = DropDemoTests;
			productReference = 6B0119551ED2DD8100D26D90 /* DropDemoTests.xctest */;
			productType = "com.apple.product-type.bundle.unit-test";
		};
		6B01195F1ED2DD8100D26D90 /* DropDemoUITests */ = {
			isa = PBXNativeTarget;
			buildConfigurationList = 6B01196F1ED2DD8100D26D90 /* Build configuration list for PBXNativeTarget "DropDemoUITests" */;
			buildPhases = (
				6B01195C1ED2DD8100D26D90 /* Sources */,
				6B01195D1ED2DD8100D26D90 /* Frameworks */,
				6B01195E1ED2DD8100D26D90 /* Resources */,
			);
			buildRules = (
			);
			dependencies = (
				6B0119621ED2DD8100D26D90 /* PBXTargetDependency */,
			);
			name = DropDemoUITests;
			productName = DropDemoUITests;
			productReference = 6B0119601ED2DD8100D26D90 /* DropDemoUITests.xctest */;
			productType = "com.apple.product-type.bundle.ui-testing";
		};
/* End PBXNativeTarget section */

/* Begin PBXProject section */
		6B0119391ED2DD8100D26D90 /* Project object */ = {
			isa = PBXProject;
			attributes = {
				LastSwiftUpdateCheck = 0830;
				LastUpgradeCheck = 0830;
				ORGANIZATIONNAME = EricHo;
				TargetAttributes = {
					6B0119401ED2DD8100D26D90 = {
						CreatedOnToolsVersion = 8.3.2;
						DevelopmentTeam = TUJ8BF3V7Q;
						ProvisioningStyle = Automatic;
					};
					6B0119541ED2DD8100D26D90 = {
						CreatedOnToolsVersion = 8.3.2;
						ProvisioningStyle = Automatic;
						TestTargetID = 6B0119401ED2DD8100D26D90;
					};
					6B01195F1ED2DD8100D26D90 = {
						CreatedOnToolsVersion = 8.3.2;
						ProvisioningStyle = Automatic;
						TestTargetID = 6B0119401ED2DD8100D26D90;
					};
				};
			};
			buildConfigurationList = 6B01193C1ED2DD8100D26D90 /* Build configuration list for PBXProject "DropDemo" */;
			compatibilityVersion = "Xcode 3.2";
			developmentRegion = English;
			hasScannedForEncodings = 0;
			knownRegions = (
				en,
				Base,
			);
			mainGroup = 6B0119381ED2DD8100D26D90;
			productRefGroup = 6B0119421ED2DD8100D26D90 /* Products */;
			projectDirPath = "";
			projectRoot = "";
			targets = (
				6B0119401ED2DD8100D26D90 /* DropDemo */,
				6B0119541ED2DD8100D26D90 /* DropDemoTests */,
				6B01195F1ED2DD8100D26D90 /* DropDemoUITests */,
			);
		};
/* End PBXProject section */

/* Begin PBXResourcesBuildPhase section */
		6B01193F1ED2DD8100D26D90 /* Resources */ = {
			isa = PBXResourcesBuildPhase;
			buildActionMask = 2147483647;
			files = (
				6B01194F1ED2DD8100D26D90 /* LaunchScreen.storyboard in Resources */,
				6B0119781ED2EACF00D26D90 /* PageAViewController.xib in Resources */,
				6B4C28261EDC671F00DE6ACB /* FooterLoadingReusableView.xib in Resources */,
				6B1D7FA31ED321470030935A /* CollectionViewCell.xib in Resources */,
				6B01194C1ED2DD8100D26D90 /* Assets.xcassets in Resources */,
				6B1D7FA51ED321470030935A /* FeatureCell.xib in Resources */,
				6B55076C1EDC1AEC00672ABE /* DropListViewController.xib in Resources */,
				6BD452191ED58F3C00229AC5 /* testdata.json in Resources */,
				6B5507661EDBC57A00672ABE /* FooterLoadingView.xib in Resources */,
				6B5507701EDC204500672ABE /* HBDropProductCell.xib in Resources */,
				6B01197C1ED2EAE100D26D90 /* PageBViewController.xib in Resources */,
				6B1D7FAE1ED321F60030935A /* MultiCollectionVC.xib in Resources */,
				6B01194A1ED2DD8100D26D90 /* Main.storyboard in Resources */,
				6B30079D1EDA625500376A8B /* ListViewController.xib in Resources */,
				6B7DD1F71ED9CB5C00711DC2 /* ListViewController.storyboard in Resources */,
			);
			runOnlyForDeploymentPostprocessing = 0;
		};
		6B0119531ED2DD8100D26D90 /* Resources */ = {
			isa = PBXResourcesBuildPhase;
			buildActionMask = 2147483647;
			files = (
			);
			runOnlyForDeploymentPostprocessing = 0;
		};
		6B01195E1ED2DD8100D26D90 /* Resources */ = {
			isa = PBXResourcesBuildPhase;
			buildActionMask = 2147483647;
			files = (
			);
			runOnlyForDeploymentPostprocessing = 0;
		};
/* End PBXResourcesBuildPhase section */

/* Begin PBXShellScriptBuildPhase section */
		1B4DAFA2CA61BDB88CD8B852 /* [CP] Copy Pods Resources */ = {
			isa = PBXShellScriptBuildPhase;
			buildActionMask = 2147483647;
			files = (
			);
			inputPaths = (
			);
			name = "[CP] Copy Pods Resources";
			outputPaths = (
			);
			runOnlyForDeploymentPostprocessing = 0;
			shellPath = /bin/sh;
			shellScript = "\"${SRCROOT}/Pods/Target Support Files/Pods-DropDemo/Pods-DropDemo-resources.sh\"\n";
			showEnvVarsInLog = 0;
		};
		8626FF3415D71EC0BABE3C1A /* [CP] Check Pods Manifest.lock */ = {
			isa = PBXShellScriptBuildPhase;
			buildActionMask = 2147483647;
			files = (
			);
			inputPaths = (
			);
			name = "[CP] Check Pods Manifest.lock";
			outputPaths = (
			);
			runOnlyForDeploymentPostprocessing = 0;
			shellPath = /bin/sh;
			shellScript = "diff \"${PODS_PODFILE_DIR_PATH}/Podfile.lock\" \"${PODS_ROOT}/Manifest.lock\" > /dev/null\nif [ $? != 0 ] ; then\n    # print error to STDERR\n    echo \"error: The sandbox is not in sync with the Podfile.lock. Run 'pod install' or update your CocoaPods installation.\" >&2\n    exit 1\nfi\n";
			showEnvVarsInLog = 0;
		};
		B8CEAFA1D76D0FF0756270D0 /* [CP] Embed Pods Frameworks */ = {
			isa = PBXShellScriptBuildPhase;
			buildActionMask = 2147483647;
			files = (
			);
			inputPaths = (
			);
			name = "[CP] Embed Pods Frameworks";
			outputPaths = (
			);
			runOnlyForDeploymentPostprocessing = 0;
			shellPath = /bin/sh;
			shellScript = "\"${SRCROOT}/Pods/Target Support Files/Pods-DropDemo/Pods-DropDemo-frameworks.sh\"\n";
			showEnvVarsInLog = 0;
		};
/* End PBXShellScriptBuildPhase section */

/* Begin PBXSourcesBuildPhase section */
		6B01193D1ED2DD8100D26D90 /* Sources */ = {
			isa = PBXSourcesBuildPhase;
			buildActionMask = 2147483647;
			files = (
				6BD452161ED5811E00229AC5 /* HBDataFetcherManager.swift in Sources */,
				6B48EAFA1EDE79BB00D7A66A /* String+Extension.swift in Sources */,
				6B1D7FA21ED321470030935A /* CollectionViewCell.swift in Sources */,
				6B55076F1EDC204500672ABE /* HBDropProductCell.swift in Sources */,
				6B284E191EDD3642005FFC61 /* Layout.swift in Sources */,
				6B343B0C1ED983C40099504A /* ListViewController.swift in Sources */,
				6B0119471ED2DD8100D26D90 /* ViewController.swift in Sources */,
				6B1D7FA41ED321470030935A /* FeatureCell.swift in Sources */,
				6B1D7FA71ED321470030935A /* Helpers.swift in Sources */,
				6B1D7FA61ED321470030935A /* FeatureVC.swift in Sources */,
				6B6488911EDCFBA800EBBF70 /* UICollectionViewCell+Extension.swift in Sources */,
				6B0119451ED2DD8100D26D90 /* AppDelegate.swift in Sources */,
				6B5507681EDBC79300672ABE /* UIView+Extension.swift in Sources */,
				6B5507641EDBC56300672ABE /* FooterLoadingView.swift in Sources */,
				6B1D7FAD1ED321F60030935A /* MultiCollectionVC.swift in Sources */,
				6B01197B1ED2EAE100D26D90 /* PageBViewController.swift in Sources */,
				6BD452141ED5784900229AC5 /* HBDropItem.swift in Sources */,
				6B55076B1EDC1AEC00672ABE /* DropListViewController.swift in Sources */,
				6B0119771ED2EACF00D26D90 /* PageAViewController.swift in Sources */,
				6B48EAF81EDE4AAF00D7A66A /* InsetLabel.swift in Sources */,
				6B4C28251EDC671F00DE6ACB /* FooterLoadingReusableView.swift in Sources */,
			);
			runOnlyForDeploymentPostprocessing = 0;
		};
		6B0119511ED2DD8100D26D90 /* Sources */ = {
			isa = PBXSourcesBuildPhase;
			buildActionMask = 2147483647;
			files = (
				6B01195A1ED2DD8100D26D90 /* DropDemoTests.swift in Sources */,
			);
			runOnlyForDeploymentPostprocessing = 0;
		};
		6B01195C1ED2DD8100D26D90 /* Sources */ = {
			isa = PBXSourcesBuildPhase;
			buildActionMask = 2147483647;
			files = (
				6B0119651ED2DD8100D26D90 /* DropDemoUITests.swift in Sources */,
			);
			runOnlyForDeploymentPostprocessing = 0;
		};
/* End PBXSourcesBuildPhase section */

/* Begin PBXTargetDependency section */
		6B0119571ED2DD8100D26D90 /* PBXTargetDependency */ = {
			isa = PBXTargetDependency;
			target = 6B0119401ED2DD8100D26D90 /* DropDemo */;
			targetProxy = 6B0119561ED2DD8100D26D90 /* PBXContainerItemProxy */;
		};
		6B0119621ED2DD8100D26D90 /* PBXTargetDependency */ = {
			isa = PBXTargetDependency;
			target = 6B0119401ED2DD8100D26D90 /* DropDemo */;
			targetProxy = 6B0119611ED2DD8100D26D90 /* PBXContainerItemProxy */;
		};
/* End PBXTargetDependency section */

/* Begin PBXVariantGroup section */
		6B0119481ED2DD8100D26D90 /* Main.storyboard */ = {
			isa = PBXVariantGroup;
			children = (
				6B0119491ED2DD8100D26D90 /* Base */,
			);
			name = Main.storyboard;
			sourceTree = "<group>";
		};
		6B01194D1ED2DD8100D26D90 /* LaunchScreen.storyboard */ = {
			isa = PBXVariantGroup;
			children = (
				6B01194E1ED2DD8100D26D90 /* Base */,
			);
			name = LaunchScreen.storyboard;
			sourceTree = "<group>";
		};
/* End PBXVariantGroup section */

/* Begin XCBuildConfiguration section */
		6B0119671ED2DD8100D26D90 /* Debug */ = {
			isa = XCBuildConfiguration;
			buildSettings = {
				ALWAYS_SEARCH_USER_PATHS = NO;
				CLANG_ANALYZER_NONNULL = YES;
				CLANG_ANALYZER_NUMBER_OBJECT_CONVERSION = YES_AGGRESSIVE;
				CLANG_CXX_LANGUAGE_STANDARD = "gnu++0x";
				CLANG_CXX_LIBRARY = "libc++";
				CLANG_ENABLE_MODULES = YES;
				CLANG_ENABLE_OBJC_ARC = YES;
				CLANG_WARN_BOOL_CONVERSION = YES;
				CLANG_WARN_CONSTANT_CONVERSION = YES;
				CLANG_WARN_DIRECT_OBJC_ISA_USAGE = YES_ERROR;
				CLANG_WARN_DOCUMENTATION_COMMENTS = YES;
				CLANG_WARN_EMPTY_BODY = YES;
				CLANG_WARN_ENUM_CONVERSION = YES;
				CLANG_WARN_INFINITE_RECURSION = YES;
				CLANG_WARN_INT_CONVERSION = YES;
				CLANG_WARN_OBJC_ROOT_CLASS = YES_ERROR;
				CLANG_WARN_SUSPICIOUS_MOVE = YES;
				CLANG_WARN_UNREACHABLE_CODE = YES;
				CLANG_WARN__DUPLICATE_METHOD_MATCH = YES;
				"CODE_SIGN_IDENTITY[sdk=iphoneos*]" = "iPhone Developer";
				COPY_PHASE_STRIP = NO;
				DEBUG_INFORMATION_FORMAT = dwarf;
				ENABLE_STRICT_OBJC_MSGSEND = YES;
				ENABLE_TESTABILITY = YES;
				GCC_C_LANGUAGE_STANDARD = gnu99;
				GCC_DYNAMIC_NO_PIC = NO;
				GCC_NO_COMMON_BLOCKS = YES;
				GCC_OPTIMIZATION_LEVEL = 0;
				GCC_PREPROCESSOR_DEFINITIONS = (
					"DEBUG=1",
					"$(inherited)",
				);
				GCC_WARN_64_TO_32_BIT_CONVERSION = YES;
				GCC_WARN_ABOUT_RETURN_TYPE = YES_ERROR;
				GCC_WARN_UNDECLARED_SELECTOR = YES;
				GCC_WARN_UNINITIALIZED_AUTOS = YES_AGGRESSIVE;
				GCC_WARN_UNUSED_FUNCTION = YES;
				GCC_WARN_UNUSED_VARIABLE = YES;
				IPHONEOS_DEPLOYMENT_TARGET = 10.3;
				MTL_ENABLE_DEBUG_INFO = YES;
				ONLY_ACTIVE_ARCH = YES;
				SDKROOT = iphoneos;
				SWIFT_ACTIVE_COMPILATION_CONDITIONS = DEBUG;
				SWIFT_OPTIMIZATION_LEVEL = "-Onone";
				TARGETED_DEVICE_FAMILY = "1,2";
			};
			name = Debug;
		};
		6B0119681ED2DD8100D26D90 /* Release */ = {
			isa = XCBuildConfiguration;
			buildSettings = {
				ALWAYS_SEARCH_USER_PATHS = NO;
				CLANG_ANALYZER_NONNULL = YES;
				CLANG_ANALYZER_NUMBER_OBJECT_CONVERSION = YES_AGGRESSIVE;
				CLANG_CXX_LANGUAGE_STANDARD = "gnu++0x";
				CLANG_CXX_LIBRARY = "libc++";
				CLANG_ENABLE_MODULES = YES;
				CLANG_ENABLE_OBJC_ARC = YES;
				CLANG_WARN_BOOL_CONVERSION = YES;
				CLANG_WARN_CONSTANT_CONVERSION = YES;
				CLANG_WARN_DIRECT_OBJC_ISA_USAGE = YES_ERROR;
				CLANG_WARN_DOCUMENTATION_COMMENTS = YES;
				CLANG_WARN_EMPTY_BODY = YES;
				CLANG_WARN_ENUM_CONVERSION = YES;
				CLANG_WARN_INFINITE_RECURSION = YES;
				CLANG_WARN_INT_CONVERSION = YES;
				CLANG_WARN_OBJC_ROOT_CLASS = YES_ERROR;
				CLANG_WARN_SUSPICIOUS_MOVE = YES;
				CLANG_WARN_UNREACHABLE_CODE = YES;
				CLANG_WARN__DUPLICATE_METHOD_MATCH = YES;
				"CODE_SIGN_IDENTITY[sdk=iphoneos*]" = "iPhone Developer";
				COPY_PHASE_STRIP = NO;
				DEBUG_INFORMATION_FORMAT = "dwarf-with-dsym";
				ENABLE_NS_ASSERTIONS = NO;
				ENABLE_STRICT_OBJC_MSGSEND = YES;
				GCC_C_LANGUAGE_STANDARD = gnu99;
				GCC_NO_COMMON_BLOCKS = YES;
				GCC_WARN_64_TO_32_BIT_CONVERSION = YES;
				GCC_WARN_ABOUT_RETURN_TYPE = YES_ERROR;
				GCC_WARN_UNDECLARED_SELECTOR = YES;
				GCC_WARN_UNINITIALIZED_AUTOS = YES_AGGRESSIVE;
				GCC_WARN_UNUSED_FUNCTION = YES;
				GCC_WARN_UNUSED_VARIABLE = YES;
				IPHONEOS_DEPLOYMENT_TARGET = 10.3;
				MTL_ENABLE_DEBUG_INFO = NO;
				SDKROOT = iphoneos;
				SWIFT_OPTIMIZATION_LEVEL = "-Owholemodule";
				TARGETED_DEVICE_FAMILY = "1,2";
				VALIDATE_PRODUCT = YES;
			};
			name = Release;
		};
		6B01196A1ED2DD8100D26D90 /* Debug */ = {
			isa = XCBuildConfiguration;
			baseConfigurationReference = 1E31909AB278CC5BCBCB4979 /* Pods-DropDemo.debug.xcconfig */;
			buildSettings = {
				ASSETCATALOG_COMPILER_APPICON_NAME = AppIcon;
				"CODE_SIGN_IDENTITY[sdk=iphoneos*]" = "iPhone Developer";
				DEVELOPMENT_TEAM = TUJ8BF3V7Q;
				INFOPLIST_FILE = DropDemo/Info.plist;
				IPHONEOS_DEPLOYMENT_TARGET = 9.0;
				LD_RUNPATH_SEARCH_PATHS = "$(inherited) @executable_path/Frameworks";
				PRODUCT_BUNDLE_IDENTIFIER = com.elabvision.DropDemo;
				PRODUCT_NAME = "$(TARGET_NAME)";
				PROVISIONING_PROFILE = "";
				PROVISIONING_PROFILE_SPECIFIER = "";
				SWIFT_VERSION = 3.0;
			};
			name = Debug;
		};
		6B01196B1ED2DD8100D26D90 /* Release */ = {
			isa = XCBuildConfiguration;
			baseConfigurationReference = F435E6382A2ECA8D9DD5419F /* Pods-DropDemo.release.xcconfig */;
			buildSettings = {
				ASSETCATALOG_COMPILER_APPICON_NAME = AppIcon;
				"CODE_SIGN_IDENTITY[sdk=iphoneos*]" = "iPhone Developer";
				DEVELOPMENT_TEAM = TUJ8BF3V7Q;
				INFOPLIST_FILE = DropDemo/Info.plist;
				IPHONEOS_DEPLOYMENT_TARGET = 9.0;
				LD_RUNPATH_SEARCH_PATHS = "$(inherited) @executable_path/Frameworks";
				PRODUCT_BUNDLE_IDENTIFIER = com.elabvision.DropDemo;
				PRODUCT_NAME = "$(TARGET_NAME)";
				PROVISIONING_PROFILE_SPECIFIER = "";
				SWIFT_VERSION = 3.0;
			};
			name = Release;
		};
		6B01196D1ED2DD8100D26D90 /* Debug */ = {
			isa = XCBuildConfiguration;
			buildSettings = {
				ALWAYS_EMBED_SWIFT_STANDARD_LIBRARIES = YES;
				BUNDLE_LOADER = "$(TEST_HOST)";
				INFOPLIST_FILE = DropDemoTests/Info.plist;
				LD_RUNPATH_SEARCH_PATHS = "$(inherited) @executable_path/Frameworks @loader_path/Frameworks";
				PRODUCT_BUNDLE_IDENTIFIER = com.elabvision.DropDemoTests;
				PRODUCT_NAME = "$(TARGET_NAME)";
				SWIFT_VERSION = 3.0;
				TEST_HOST = "$(BUILT_PRODUCTS_DIR)/DropDemo.app/DropDemo";
			};
			name = Debug;
		};
		6B01196E1ED2DD8100D26D90 /* Release */ = {
			isa = XCBuildConfiguration;
			buildSettings = {
				ALWAYS_EMBED_SWIFT_STANDARD_LIBRARIES = YES;
				BUNDLE_LOADER = "$(TEST_HOST)";
				INFOPLIST_FILE = DropDemoTests/Info.plist;
				LD_RUNPATH_SEARCH_PATHS = "$(inherited) @executable_path/Frameworks @loader_path/Frameworks";
				PRODUCT_BUNDLE_IDENTIFIER = com.elabvision.DropDemoTests;
				PRODUCT_NAME = "$(TARGET_NAME)";
				SWIFT_VERSION = 3.0;
				TEST_HOST = "$(BUILT_PRODUCTS_DIR)/DropDemo.app/DropDemo";
			};
			name = Release;
		};
		6B0119701ED2DD8100D26D90 /* Debug */ = {
			isa = XCBuildConfiguration;
			buildSettings = {
				ALWAYS_EMBED_SWIFT_STANDARD_LIBRARIES = YES;
				INFOPLIST_FILE = DropDemoUITests/Info.plist;
				LD_RUNPATH_SEARCH_PATHS = "$(inherited) @executable_path/Frameworks @loader_path/Frameworks";
				PRODUCT_BUNDLE_IDENTIFIER = com.elabvision.DropDemoUITests;
				PRODUCT_NAME = "$(TARGET_NAME)";
				SWIFT_VERSION = 3.0;
				TEST_TARGET_NAME = DropDemo;
			};
			name = Debug;
		};
		6B0119711ED2DD8100D26D90 /* Release */ = {
			isa = XCBuildConfiguration;
			buildSettings = {
				ALWAYS_EMBED_SWIFT_STANDARD_LIBRARIES = YES;
				INFOPLIST_FILE = DropDemoUITests/Info.plist;
				LD_RUNPATH_SEARCH_PATHS = "$(inherited) @executable_path/Frameworks @loader_path/Frameworks";
				PRODUCT_BUNDLE_IDENTIFIER = com.elabvision.DropDemoUITests;
				PRODUCT_NAME = "$(TARGET_NAME)";
				SWIFT_VERSION = 3.0;
				TEST_TARGET_NAME = DropDemo;
			};
			name = Release;
		};
/* End XCBuildConfiguration section */

/* Begin XCConfigurationList section */
		6B01193C1ED2DD8100D26D90 /* Build configuration list for PBXProject "DropDemo" */ = {
			isa = XCConfigurationList;
			buildConfigurations = (
				6B0119671ED2DD8100D26D90 /* Debug */,
				6B0119681ED2DD8100D26D90 /* Release */,
			);
			defaultConfigurationIsVisible = 0;
			defaultConfigurationName = Release;
		};
		6B0119691ED2DD8100D26D90 /* Build configuration list for PBXNativeTarget "DropDemo" */ = {
			isa = XCConfigurationList;
			buildConfigurations = (
				6B01196A1ED2DD8100D26D90 /* Debug */,
				6B01196B1ED2DD8100D26D90 /* Release */,
			);
			defaultConfigurationIsVisible = 0;
			defaultConfigurationName = Release;
		};
		6B01196C1ED2DD8100D26D90 /* Build configuration list for PBXNativeTarget "DropDemoTests" */ = {
			isa = XCConfigurationList;
			buildConfigurations = (
				6B01196D1ED2DD8100D26D90 /* Debug */,
				6B01196E1ED2DD8100D26D90 /* Release */,
			);
			defaultConfigurationIsVisible = 0;
			defaultConfigurationName = Release;
		};
		6B01196F1ED2DD8100D26D90 /* Build configuration list for PBXNativeTarget "DropDemoUITests" */ = {
			isa = XCConfigurationList;
			buildConfigurations = (
				6B0119701ED2DD8100D26D90 /* Debug */,
				6B0119711ED2DD8100D26D90 /* Release */,
			);
			defaultConfigurationIsVisible = 0;
			defaultConfigurationName = Release;
		};
/* End XCConfigurationList section */
	};
	rootObject = 6B0119391ED2DD8100D26D90 /* Project object */;
}
